
Microsoft Visual Studio Solution File, Format Version 12.00
# Visual Studio 2015
Project("{FAE04EC0-301F-11D3-BF4B-00C04F79EFBC}") = "Valkyrie_level_editor.CSharp.Plugins", "Valkyrie_level_editor.CSharp.Plugins.csproj", "{2B101649-D2F9-E0AE-0CC9-1AE7E63ED47F}"
EndProject
Project("{FAE04EC0-301F-11D3-BF4B-00C04F79EFBC}") = "Valkyrie_level_editor.CSharp", "Valkyrie_level_editor.CSharp.csproj", "{330D1D4F-9CF2-9A74-944A-8F0FDDC0535F}"
EndProject
Project("{FAE04EC0-301F-11D3-BF4B-00C04F79EFBC}") = "Valkyrie_level_editor.CSharp.Editor", "Valkyrie_level_editor.CSharp.Editor.csproj", "{0FF8C115-D85B-6B30-27ED-66E20B8C2F0F}"
EndProject
Global
	GlobalSection(SolutionConfigurationPlatforms) = preSolution
		Debug|Any CPU = Debug|Any CPU
		Release|Any CPU = Release|Any CPU
	EndGlobalSection
	GlobalSection(ProjectConfigurationPlatforms) = postSolution
		{2B101649-D2F9-E0AE-0CC9-1AE7E63ED47F}.Debug|Any CPU.ActiveCfg = Debug|Any CPU
		{2B101649-D2F9-E0AE-0CC9-1AE7E63ED47F}.Debug|Any CPU.Build.0 = Debug|Any CPU
		{2B101649-D2F9-E0AE-0CC9-1AE7E63ED47F}.Release|Any CPU.ActiveCfg = Release|Any CPU
		{2B101649-D2F9-E0AE-0CC9-1AE7E63ED47F}.Release|Any CPU.Build.0 = Release|Any CPU
		{330D1D4F-9CF2-9A74-944A-8F0FDDC0535F}.Debug|Any CPU.ActiveCfg = Debug|Any CPU
		{330D1D4F-9CF2-9A74-944A-8F0FDDC0535F}.Debug|Any CPU.Build.0 = Debug|Any CPU
		{330D1D4F-9CF2-9A74-944A-8F0FDDC0535F}.Release|Any CPU.ActiveCfg = Release|Any CPU
		{330D1D4F-9CF2-9A74-944A-8F0FDDC0535F}.Release|Any CPU.Build.0 = Release|Any CPU
		{0FF8C115-D85B-6B30-27ED-66E20B8C2F0F}.Debug|Any CPU.ActiveCfg = Debug|Any CPU
		{0FF8C115-D85B-6B30-27ED-66E20B8C2F0F}.Debug|Any CPU.Build.0 = Debug|Any CPU
		{0FF8C115-D85B-6B30-27ED-66E20B8C2F0F}.Release|Any CPU.ActiveCfg = Release|Any CPU
		{0FF8C115-D85B-6B30-27ED-66E20B8C2F0F}.Release|Any CPU.Build.0 = Release|Any CPU
	EndGlobalSection
	GlobalSection(SolutionProperties) = preSolution
		HideSolutionNode = FALSE
	EndGlobalSection
EndGlobal
