
Microsoft Visual Studio Solution File, Format Version 12.00
# Visual Studio 2015
Project("{FAE04EC0-301F-11D3-BF4B-00C04F79EFBC}") = "Valkyrie_Bridge.CSharp.Plugins", "Valkyrie_Bridge.CSharp.Plugins.csproj", "{5B79C2C4-8DC7-D06A-20CA-01FFFC2B6654}"
EndProject
Project("{FAE04EC0-301F-11D3-BF4B-00C04F79EFBC}") = "Valkyrie_Bridge.CSharp", "Valkyrie_Bridge.CSharp.csproj", "{615B0609-3A6B-D43D-498E-932D7675ACA6}"
EndProject
Project("{FAE04EC0-301F-11D3-BF4B-00C04F79EFBC}") = "Valkyrie_Bridge.CSharp.Editor", "Valkyrie_Bridge.CSharp.Editor.csproj", "{8824CDC0-7B8F-E190-AE4F-E2495BE3F3D9}"
EndProject
Global
	GlobalSection(SolutionConfigurationPlatforms) = preSolution
		Debug|Any CPU = Debug|Any CPU
		Release|Any CPU = Release|Any CPU
	EndGlobalSection
	GlobalSection(ProjectConfigurationPlatforms) = postSolution
		{5B79C2C4-8DC7-D06A-20CA-01FFFC2B6654}.Debug|Any CPU.ActiveCfg = Debug|Any CPU
		{5B79C2C4-8DC7-D06A-20CA-01FFFC2B6654}.Debug|Any CPU.Build.0 = Debug|Any CPU
		{5B79C2C4-8DC7-D06A-20CA-01FFFC2B6654}.Release|Any CPU.ActiveCfg = Release|Any CPU
		{5B79C2C4-8DC7-D06A-20CA-01FFFC2B6654}.Release|Any CPU.Build.0 = Release|Any CPU
		{615B0609-3A6B-D43D-498E-932D7675ACA6}.Debug|Any CPU.ActiveCfg = Debug|Any CPU
		{615B0609-3A6B-D43D-498E-932D7675ACA6}.Debug|Any CPU.Build.0 = Debug|Any CPU
		{615B0609-3A6B-D43D-498E-932D7675ACA6}.Release|Any CPU.ActiveCfg = Release|Any CPU
		{615B0609-3A6B-D43D-498E-932D7675ACA6}.Release|Any CPU.Build.0 = Release|Any CPU
		{8824CDC0-7B8F-E190-AE4F-E2495BE3F3D9}.Debug|Any CPU.ActiveCfg = Debug|Any CPU
		{8824CDC0-7B8F-E190-AE4F-E2495BE3F3D9}.Debug|Any CPU.Build.0 = Debug|Any CPU
		{8824CDC0-7B8F-E190-AE4F-E2495BE3F3D9}.Release|Any CPU.ActiveCfg = Release|Any CPU
		{8824CDC0-7B8F-E190-AE4F-E2495BE3F3D9}.Release|Any CPU.Build.0 = Release|Any CPU
	EndGlobalSection
	GlobalSection(SolutionProperties) = preSolution
		HideSolutionNode = FALSE
	EndGlobalSection
EndGlobal
